
Microsoft Visual Studio Solution File, Format Version 12.00
# Visual Studio Version 16
VisualStudioVersion = 25.0.1705.0
MinimumVisualStudioVersion = 10.0.40219.1
Project("{FAE04EC0-301F-11D3-BF4B-00C04F79EFBC}") = "Pokerino.Client", "Pokerino.Client.csproj", "{BA77AEFE-4A08-4E83-89B3-0D373FF83110}"
EndProject
Global
	GlobalSection(SolutionConfigurationPlatforms) = preSolution
		Debug|Any CPU = Debug|Any CPU
		Release|Any CPU = Release|Any CPU
	EndGlobalSection
	GlobalSection(ProjectConfigurationPlatforms) = postSolution
		{BA77AEFE-4A08-4E83-89B3-0D373FF83110}.Debug|Any CPU.ActiveCfg = Debug|Any CPU
		{BA77AEFE-4A08-4E83-89B3-0D373FF83110}.Debug|Any CPU.Build.0 = Debug|Any CPU
		{BA77AEFE-4A08-4E83-89B3-0D373FF83110}.Release|Any CPU.ActiveCfg = Release|Any CPU
		{BA77AEFE-4A08-4E83-89B3-0D373FF83110}.Release|Any CPU.Build.0 = Release|Any CPU
	EndGlobalSection
	GlobalSection(SolutionProperties) = preSolution
		HideSolutionNode = FALSE
	EndGlobalSection
	GlobalSection(ExtensibilityGlobals) = postSolution
		SolutionGuid = {03014075-6BFA-4FD0-AD07-253D8665212D}
	EndGlobalSection
EndGlobal
