Microsoft Visual Studio Solution File, Format Version 12.00
# Visual Studio Version 16
VisualStudioVersion = 16.0.0.0
MinimumVisualStudioVersion = 16.0.0.0
Project("{9A19103F-16F7-4668-BE54-9A1E7A4F7556}") = "Pokerino.Server", "Server\Pokerino.Server.csproj", "{F013701D-C608-4C78-9FC9-A856FD5467BD}"
EndProject
Project("{9A19103F-16F7-4668-BE54-9A1E7A4F7556}") = "Pokerino.Client", "Client\Pokerino.Client.csproj", "{71869B98-D268-4561-BE64-FA145C3DA7F5}"
EndProject
Project("{9A19103F-16F7-4668-BE54-9A1E7A4F7556}") = "Pokerino.Shared", "Shared\Pokerino.Shared.csproj", "{4CF5D14B-75C0-406B-BF54-4C927F04646F}"
EndProject
Project("{2150E333-8FDC-42A3-9474-1A3956D46DE8}") = "Solution Items", "Solution Items", "{DA055DA9-2C27-498E-B41E-F5922F836485}"
	ProjectSection(SolutionItems) = preProject
		.gitignore = .gitignore
	EndProjectSection
EndProject
Global
	GlobalSection(SolutionConfigurationPlatforms) = preSolution
		Debug|Any CPU = Debug|Any CPU
		Debug|x64 = Debug|x64
		Debug|x86 = Debug|x86
		Release|Any CPU = Release|Any CPU
		Release|x64 = Release|x64
		Release|x86 = Release|x86
	EndGlobalSection
	GlobalSection(ProjectConfigurationPlatforms) = postSolution
		{71869B98-D268-4561-BE64-FA145C3DA7F5}.Debug|Any CPU.ActiveCfg = Debug|Any CPU
		{71869B98-D268-4561-BE64-FA145C3DA7F5}.Debug|Any CPU.Build.0 = Debug|Any CPU
		{71869B98-D268-4561-BE64-FA145C3DA7F5}.Debug|x64.ActiveCfg = Debug|Any CPU
		{71869B98-D268-4561-BE64-FA145C3DA7F5}.Debug|x64.Build.0 = Debug|Any CPU
		{71869B98-D268-4561-BE64-FA145C3DA7F5}.Debug|x86.ActiveCfg = Debug|Any CPU
		{71869B98-D268-4561-BE64-FA145C3DA7F5}.Debug|x86.Build.0 = Debug|Any CPU
		{71869B98-D268-4561-BE64-FA145C3DA7F5}.Release|Any CPU.ActiveCfg = Release|Any CPU
		{71869B98-D268-4561-BE64-FA145C3DA7F5}.Release|Any CPU.Build.0 = Release|Any CPU
		{71869B98-D268-4561-BE64-FA145C3DA7F5}.Release|x64.ActiveCfg = Release|Any CPU
		{71869B98-D268-4561-BE64-FA145C3DA7F5}.Release|x64.Build.0 = Release|Any CPU
		{71869B98-D268-4561-BE64-FA145C3DA7F5}.Release|x86.ActiveCfg = Release|Any CPU
		{71869B98-D268-4561-BE64-FA145C3DA7F5}.Release|x86.Build.0 = Release|Any CPU
		{F013701D-C608-4C78-9FC9-A856FD5467BD}.Debug|Any CPU.ActiveCfg = Debug|Any CPU
		{F013701D-C608-4C78-9FC9-A856FD5467BD}.Debug|Any CPU.Build.0 = Debug|Any CPU
		{F013701D-C608-4C78-9FC9-A856FD5467BD}.Debug|x64.ActiveCfg = Debug|Any CPU
		{F013701D-C608-4C78-9FC9-A856FD5467BD}.Debug|x64.Build.0 = Debug|Any CPU
		{F013701D-C608-4C78-9FC9-A856FD5467BD}.Debug|x86.ActiveCfg = Debug|Any CPU
		{F013701D-C608-4C78-9FC9-A856FD5467BD}.Debug|x86.Build.0 = Debug|Any CPU
		{F013701D-C608-4C78-9FC9-A856FD5467BD}.Release|Any CPU.ActiveCfg = Release|Any CPU
		{F013701D-C608-4C78-9FC9-A856FD5467BD}.Release|Any CPU.Build.0 = Release|Any CPU
		{F013701D-C608-4C78-9FC9-A856FD5467BD}.Release|x64.ActiveCfg = Release|Any CPU
		{F013701D-C608-4C78-9FC9-A856FD5467BD}.Release|x64.Build.0 = Release|Any CPU
		{F013701D-C608-4C78-9FC9-A856FD5467BD}.Release|x86.ActiveCfg = Release|Any CPU
		{F013701D-C608-4C78-9FC9-A856FD5467BD}.Release|x86.Build.0 = Release|Any CPU
		{4CF5D14B-75C0-406B-BF54-4C927F04646F}.Debug|Any CPU.ActiveCfg = Debug|Any CPU
		{4CF5D14B-75C0-406B-BF54-4C927F04646F}.Debug|Any CPU.Build.0 = Debug|Any CPU
		{4CF5D14B-75C0-406B-BF54-4C927F04646F}.Debug|x64.ActiveCfg = Debug|Any CPU
		{4CF5D14B-75C0-406B-BF54-4C927F04646F}.Debug|x64.Build.0 = Debug|Any CPU
		{4CF5D14B-75C0-406B-BF54-4C927F04646F}.Debug|x86.ActiveCfg = Debug|Any CPU
		{4CF5D14B-75C0-406B-BF54-4C927F04646F}.Debug|x86.Build.0 = Debug|Any CPU
		{4CF5D14B-75C0-406B-BF54-4C927F04646F}.Release|Any CPU.ActiveCfg = Release|Any CPU
		{4CF5D14B-75C0-406B-BF54-4C927F04646F}.Release|Any CPU.Build.0 = Release|Any CPU
		{4CF5D14B-75C0-406B-BF54-4C927F04646F}.Release|x64.ActiveCfg = Release|Any CPU
		{4CF5D14B-75C0-406B-BF54-4C927F04646F}.Release|x64.Build.0 = Release|Any CPU
		{4CF5D14B-75C0-406B-BF54-4C927F04646F}.Release|x86.ActiveCfg = Release|Any CPU
		{4CF5D14B-75C0-406B-BF54-4C927F04646F}.Release|x86.Build.0 = Release|Any CPU
	EndGlobalSection
	GlobalSection(SolutionProperties) = preSolution
		HideSolutionNode = FALSE
	EndGlobalSection
	GlobalSection(ExtensibilityGlobals) = postSolution
		SolutionGuid = {975775CF-7C84-43E1-AEDA-0A461235511A}
	EndGlobalSection
EndGlobal
